
Microsoft Visual Studio Solution File, Format Version 12.00
# Visual Studio 15
VisualStudioVersion = 15.0.28307.572
MinimumVisualStudioVersion = 10.0.40219.1
Project("{FAE04EC0-301F-11D3-BF4B-00C04F79EFBC}") = "CashHomeBuyer.UI", "CashHomeBuyer\CashHomeBuyer.UI.csproj", "{C651E476-1EB2-41E5-BF32-8BF42F300EAE}"
EndProject
Project("{FAE04EC0-301F-11D3-BF4B-00C04F79EFBC}") = "CashHomeBuyer.Tests", "CashHomeBuyer.Tests\CashHomeBuyer.Tests.csproj", "{3831CB01-19E0-49EB-B011-D17C614E26C3}"
EndProject
Project("{FAE04EC0-301F-11D3-BF4B-00C04F79EFBC}") = "CashHomeBuyer.Models", "CashHomeBuyer.Models\CashHomeBuyer.Models.csproj", "{337B30C4-F5FA-4875-9A99-D8F63814018F}"
EndProject
Project("{FAE04EC0-301F-11D3-BF4B-00C04F79EFBC}") = "CashHomeBuyer.Data", "CashHomeBuyer.Data\CashHomeBuyer.Data.csproj", "{D5186037-4CEC-4D75-AA35-4D6EF1A451A2}"
EndProject
Global
	GlobalSection(SolutionConfigurationPlatforms) = preSolution
		Debug|Any CPU = Debug|Any CPU
		Release|Any CPU = Release|Any CPU
	EndGlobalSection
	GlobalSection(ProjectConfigurationPlatforms) = postSolution
		{C651E476-1EB2-41E5-BF32-8BF42F300EAE}.Debug|Any CPU.ActiveCfg = Debug|Any CPU
		{C651E476-1EB2-41E5-BF32-8BF42F300EAE}.Debug|Any CPU.Build.0 = Debug|Any CPU
		{C651E476-1EB2-41E5-BF32-8BF42F300EAE}.Release|Any CPU.ActiveCfg = Release|Any CPU
		{C651E476-1EB2-41E5-BF32-8BF42F300EAE}.Release|Any CPU.Build.0 = Release|Any CPU
		{3831CB01-19E0-49EB-B011-D17C614E26C3}.Debug|Any CPU.ActiveCfg = Debug|Any CPU
		{3831CB01-19E0-49EB-B011-D17C614E26C3}.Debug|Any CPU.Build.0 = Debug|Any CPU
		{3831CB01-19E0-49EB-B011-D17C614E26C3}.Release|Any CPU.ActiveCfg = Release|Any CPU
		{3831CB01-19E0-49EB-B011-D17C614E26C3}.Release|Any CPU.Build.0 = Release|Any CPU
		{337B30C4-F5FA-4875-9A99-D8F63814018F}.Debug|Any CPU.ActiveCfg = Debug|Any CPU
		{337B30C4-F5FA-4875-9A99-D8F63814018F}.Debug|Any CPU.Build.0 = Debug|Any CPU
		{337B30C4-F5FA-4875-9A99-D8F63814018F}.Release|Any CPU.ActiveCfg = Release|Any CPU
		{337B30C4-F5FA-4875-9A99-D8F63814018F}.Release|Any CPU.Build.0 = Release|Any CPU
		{D5186037-4CEC-4D75-AA35-4D6EF1A451A2}.Debug|Any CPU.ActiveCfg = Debug|Any CPU
		{D5186037-4CEC-4D75-AA35-4D6EF1A451A2}.Debug|Any CPU.Build.0 = Debug|Any CPU
		{D5186037-4CEC-4D75-AA35-4D6EF1A451A2}.Release|Any CPU.ActiveCfg = Release|Any CPU
		{D5186037-4CEC-4D75-AA35-4D6EF1A451A2}.Release|Any CPU.Build.0 = Release|Any CPU
	EndGlobalSection
	GlobalSection(SolutionProperties) = preSolution
		HideSolutionNode = FALSE
	EndGlobalSection
	GlobalSection(ExtensibilityGlobals) = postSolution
		SolutionGuid = {31ABB75D-7A1B-4BBD-8A87-48D96F92082F}
	EndGlobalSection
EndGlobal
