
Microsoft Visual Studio Solution File, Format Version 12.00
# Visual Studio 15
VisualStudioVersion = 15.0.28307.572
MinimumVisualStudioVersion = 10.0.40219.1
Project("{FAE04EC0-301F-11D3-BF4B-00C04F79EFBC}") = "SGBank.UI", "SGBank.UI\SGBank.UI.csproj", "{5621ABA4-9965-4ADE-A9D7-1DBB2199789A}"
EndProject
Project("{FAE04EC0-301F-11D3-BF4B-00C04F79EFBC}") = "SGBank.Models", "SGBank.Models\SGBank.Models.csproj", "{472B834C-C5C5-496F-A97E-B70C3C8C93F6}"
EndProject
Project("{FAE04EC0-301F-11D3-BF4B-00C04F79EFBC}") = "SGBank.BLL", "SGBank.BLL\SGBank.BLL.csproj", "{83730712-C38A-4755-8E4B-66709D96E9F8}"
EndProject
Project("{FAE04EC0-301F-11D3-BF4B-00C04F79EFBC}") = "SGBank.Data", "SGBank.Data\SGBank.Data.csproj", "{037FF04C-962D-4CDF-A777-8F0267EF03BA}"
EndProject
Project("{FAE04EC0-301F-11D3-BF4B-00C04F79EFBC}") = "SGBank.Tests", "SGBank.Tests\SGBank.Tests.csproj", "{8A5A34E7-E1F2-47EC-A99B-7E5966939ACA}"
EndProject
Global
	GlobalSection(SolutionConfigurationPlatforms) = preSolution
		Debug|Any CPU = Debug|Any CPU
		Release|Any CPU = Release|Any CPU
	EndGlobalSection
	GlobalSection(ProjectConfigurationPlatforms) = postSolution
		{5621ABA4-9965-4ADE-A9D7-1DBB2199789A}.Debug|Any CPU.ActiveCfg = Debug|Any CPU
		{5621ABA4-9965-4ADE-A9D7-1DBB2199789A}.Debug|Any CPU.Build.0 = Debug|Any CPU
		{5621ABA4-9965-4ADE-A9D7-1DBB2199789A}.Release|Any CPU.ActiveCfg = Release|Any CPU
		{5621ABA4-9965-4ADE-A9D7-1DBB2199789A}.Release|Any CPU.Build.0 = Release|Any CPU
		{472B834C-C5C5-496F-A97E-B70C3C8C93F6}.Debug|Any CPU.ActiveCfg = Debug|Any CPU
		{472B834C-C5C5-496F-A97E-B70C3C8C93F6}.Debug|Any CPU.Build.0 = Debug|Any CPU
		{472B834C-C5C5-496F-A97E-B70C3C8C93F6}.Release|Any CPU.ActiveCfg = Release|Any CPU
		{472B834C-C5C5-496F-A97E-B70C3C8C93F6}.Release|Any CPU.Build.0 = Release|Any CPU
		{83730712-C38A-4755-8E4B-66709D96E9F8}.Debug|Any CPU.ActiveCfg = Debug|Any CPU
		{83730712-C38A-4755-8E4B-66709D96E9F8}.Debug|Any CPU.Build.0 = Debug|Any CPU
		{83730712-C38A-4755-8E4B-66709D96E9F8}.Release|Any CPU.ActiveCfg = Release|Any CPU
		{83730712-C38A-4755-8E4B-66709D96E9F8}.Release|Any CPU.Build.0 = Release|Any CPU
		{037FF04C-962D-4CDF-A777-8F0267EF03BA}.Debug|Any CPU.ActiveCfg = Debug|Any CPU
		{037FF04C-962D-4CDF-A777-8F0267EF03BA}.Debug|Any CPU.Build.0 = Debug|Any CPU
		{037FF04C-962D-4CDF-A777-8F0267EF03BA}.Release|Any CPU.ActiveCfg = Release|Any CPU
		{037FF04C-962D-4CDF-A777-8F0267EF03BA}.Release|Any CPU.Build.0 = Release|Any CPU
		{8A5A34E7-E1F2-47EC-A99B-7E5966939ACA}.Debug|Any CPU.ActiveCfg = Debug|Any CPU
		{8A5A34E7-E1F2-47EC-A99B-7E5966939ACA}.Debug|Any CPU.Build.0 = Debug|Any CPU
		{8A5A34E7-E1F2-47EC-A99B-7E5966939ACA}.Release|Any CPU.ActiveCfg = Release|Any CPU
		{8A5A34E7-E1F2-47EC-A99B-7E5966939ACA}.Release|Any CPU.Build.0 = Release|Any CPU
	EndGlobalSection
	GlobalSection(SolutionProperties) = preSolution
		HideSolutionNode = FALSE
	EndGlobalSection
	GlobalSection(ExtensibilityGlobals) = postSolution
		SolutionGuid = {8D1B0F28-6159-40F5-901A-7F5078ED283C}
	EndGlobalSection
EndGlobal
